
Microsoft Visual Studio Solution File, Format Version 12.00
# Visual Studio Version 17
VisualStudioVersion = 17.1.32421.90
MinimumVisualStudioVersion = 10.0.40219.1
Project("{9A19103F-16F7-4668-BE54-9A1E7A4F7556}") = "VoiSona.CN.Translator", "VoiSona.CN.Translator\VoiSona.CN.Translator.csproj", "{EAACA063-38D4-4B49-835A-75E1C26A1B6B}"
EndProject
Project("{2150E333-8FDC-42A3-9474-1A3956D46DE8}") = "解决方案项", "解决方案项", "{CABE3B57-7A39-4636-81A9-53956CF8F5BE}"
	ProjectSection(SolutionItems) = preProject
		text\VoiSona-cn.csv = text\VoiSona-cn.csv
	EndProjectSection
EndProject
Global
	GlobalSection(SolutionConfigurationPlatforms) = preSolution
		Debug|Any CPU = Debug|Any CPU
		Release|Any CPU = Release|Any CPU
	EndGlobalSection
	GlobalSection(ProjectConfigurationPlatforms) = postSolution
		{EAACA063-38D4-4B49-835A-75E1C26A1B6B}.Debug|Any CPU.ActiveCfg = Debug|Any CPU
		{EAACA063-38D4-4B49-835A-75E1C26A1B6B}.Debug|Any CPU.Build.0 = Debug|Any CPU
		{EAACA063-38D4-4B49-835A-75E1C26A1B6B}.Release|Any CPU.ActiveCfg = Release|Any CPU
		{EAACA063-38D4-4B49-835A-75E1C26A1B6B}.Release|Any CPU.Build.0 = Release|Any CPU
	EndGlobalSection
	GlobalSection(SolutionProperties) = preSolution
		HideSolutionNode = FALSE
	EndGlobalSection
	GlobalSection(ExtensibilityGlobals) = postSolution
		SolutionGuid = {847D580B-CA6E-48E2-8C69-6A476B405DAE}
	EndGlobalSection
EndGlobal
